
Microsoft Visual Studio Solution File, Format Version 12.00
# Visual Studio Version 16
VisualStudioVersion = 16.0.31129.286
MinimumVisualStudioVersion = 10.0.40219.1
Project("{FAE04EC0-301F-11D3-BF4B-00C04F79EFBC}") = "FinalAssignment10", "FinalAssignment10.csproj", "{CB123CE2-1CA1-44B8-ABF7-E5ABF78B19FA}"
EndProject
Global
	GlobalSection(SolutionConfigurationPlatforms) = preSolution
		Debug|Any CPU = Debug|Any CPU
		Release|Any CPU = Release|Any CPU
	EndGlobalSection
	GlobalSection(ProjectConfigurationPlatforms) = postSolution
		{CB123CE2-1CA1-44B8-ABF7-E5ABF78B19FA}.Debug|Any CPU.ActiveCfg = Debug|Any CPU
		{CB123CE2-1CA1-44B8-ABF7-E5ABF78B19FA}.Debug|Any CPU.Build.0 = Debug|Any CPU
		{CB123CE2-1CA1-44B8-ABF7-E5ABF78B19FA}.Release|Any CPU.ActiveCfg = Release|Any CPU
		{CB123CE2-1CA1-44B8-ABF7-E5ABF78B19FA}.Release|Any CPU.Build.0 = Release|Any CPU
	EndGlobalSection
	GlobalSection(SolutionProperties) = preSolution
		HideSolutionNode = FALSE
	EndGlobalSection
	GlobalSection(ExtensibilityGlobals) = postSolution
		SolutionGuid = {DFC0433C-2895-431E-A527-7BA831227D44}
	EndGlobalSection
EndGlobal
